// !$*UTF8*$!
{
	archiveVersion = 1;
	classes = {
	};
	objectVersion = 46;
	objects = {

/* Begin PBXBuildFile section */
		E2179A2D1EE4DD7600E0E25A /* AppDelegate.swift in Sources */ = {isa = PBXBuildFile; fileRef = E2179A2C1EE4DD7600E0E25A /* AppDelegate.swift */; };
		E2179A2F1EE4DD7600E0E25A /* MasterViewController.swift in Sources */ = {isa = PBXBuildFile; fileRef = E2179A2E1EE4DD7600E0E25A /* MasterViewController.swift */; };
		E2179A311EE4DD7600E0E25A /* DetailViewController.swift in Sources */ = {isa = PBXBuildFile; fileRef = E2179A301EE4DD7600E0E25A /* DetailViewController.swift */; };
		E2179A341EE4DD7600E0E25A /* Main.storyboard in Resources */ = {isa = PBXBuildFile; fileRef = E2179A321EE4DD7600E0E25A /* Main.storyboard */; };
		E2179A361EE4DD7600E0E25A /* Assets.xcassets in Resources */ = {isa = PBXBuildFile; fileRef = E2179A351EE4DD7600E0E25A /* Assets.xcassets */; };
		E2179A391EE4DD7600E0E25A /* LaunchScreen.storyboard in Resources */ = {isa = PBXBuildFile; fileRef = E2179A371EE4DD7600E0E25A /* LaunchScreen.storyboard */; };
		E2179A411EE4EAC100E0E25A /* resume.json in Resources */ = {isa = PBXBuildFile; fileRef = E2179A401EE4EAC100E0E25A /* resume.json */; };
		E2179A441EE4EB6B00E0E25A /* Model.swift in Sources */ = {isa = PBXBuildFile; fileRef = E2179A431EE4EB6B00E0E25A /* Model.swift */; };
		E2179A461EECDCFB00E0E25A /* ObjectManager.swift in Sources */ = {isa = PBXBuildFile; fileRef = E2179A451EECDCFB00E0E25A /* ObjectManager.swift */; };
		E22421A61EF630F50069EA63 /* Helpers.swift in Sources */ = {isa = PBXBuildFile; fileRef = E22421A51EF630F50069EA63 /* Helpers.swift */; };
		E22421AA1EFF2EFF0069EA63 /* UINavigationBar+Hiding.swift in Sources */ = {isa = PBXBuildFile; fileRef = E22421A91EFF2EFF0069EA63 /* UINavigationBar+Hiding.swift */; };
		E22421AC1F005DD50069EA63 /* UpdateManager.swift in Sources */ = {isa = PBXBuildFile; fileRef = E22421AB1F005DD50069EA63 /* UpdateManager.swift */; };
/* End PBXBuildFile section */

/* Begin PBXFileReference section */
		E2179A291EE4DD7600E0E25A /* Resume.app */ = {isa = PBXFileReference; explicitFileType = wrapper.application; includeInIndex = 0; path = Resume.app; sourceTree = BUILT_PRODUCTS_DIR; };
		E2179A2C1EE4DD7600E0E25A /* AppDelegate.swift */ = {isa = PBXFileReference; lastKnownFileType = sourcecode.swift; path = AppDelegate.swift; sourceTree = "<group>"; };
		E2179A2E1EE4DD7600E0E25A /* MasterViewController.swift */ = {isa = PBXFileReference; lastKnownFileType = sourcecode.swift; path = MasterViewController.swift; sourceTree = "<group>"; };
		E2179A301EE4DD7600E0E25A /* DetailViewController.swift */ = {isa = PBXFileReference; lastKnownFileType = sourcecode.swift; path = DetailViewController.swift; sourceTree = "<group>"; };
		E2179A331EE4DD7600E0E25A /* Base */ = {isa = PBXFileReference; lastKnownFileType = file.storyboard; name = Base; path = Base.lproj/Main.storyboard; sourceTree = "<group>"; };
		E2179A351EE4DD7600E0E25A /* Assets.xcassets */ = {isa = PBXFileReference; lastKnownFileType = folder.assetcatalog; path = Assets.xcassets; sourceTree = "<group>"; };
		E2179A381EE4DD7600E0E25A /* Base */ = {isa = PBXFileReference; lastKnownFileType = file.storyboard; name = Base; path = Base.lproj/LaunchScreen.storyboard; sourceTree = "<group>"; };
		E2179A3A1EE4DD7600E0E25A /* Info.plist */ = {isa = PBXFileReference; lastKnownFileType = text.plist.xml; path = Info.plist; sourceTree = "<group>"; };
		E2179A401EE4EAC100E0E25A /* resume.json */ = {isa = PBXFileReference; fileEncoding = 4; lastKnownFileType = text.json; path = resume.json; sourceTree = "<group>"; };
		E2179A431EE4EB6B00E0E25A /* Model.swift */ = {isa = PBXFileReference; fileEncoding = 4; lastKnownFileType = sourcecode.swift; path = Model.swift; sourceTree = "<group>"; };
		E2179A451EECDCFB00E0E25A /* ObjectManager.swift */ = {isa = PBXFileReference; fileEncoding = 4; lastKnownFileType = sourcecode.swift; path = ObjectManager.swift; sourceTree = "<group>"; };
		E22421A51EF630F50069EA63 /* Helpers.swift */ = {isa = PBXFileReference; fileEncoding = 4; lastKnownFileType = sourcecode.swift; path = Helpers.swift; sourceTree = "<group>"; };
		E22421A91EFF2EFF0069EA63 /* UINavigationBar+Hiding.swift */ = {isa = PBXFileReference; fileEncoding = 4; lastKnownFileType = sourcecode.swift; path = "UINavigationBar+Hiding.swift"; sourceTree = "<group>"; };
		E22421AB1F005DD50069EA63 /* UpdateManager.swift */ = {isa = PBXFileReference; fileEncoding = 4; lastKnownFileType = sourcecode.swift; path = UpdateManager.swift; sourceTree = "<group>"; };
/* End PBXFileReference section */

/* Begin PBXFrameworksBuildPhase section */
		E2179A261EE4DD7600E0E25A /* Frameworks */ = {
			isa = PBXFrameworksBuildPhase;
			buildActionMask = 2147483647;
			files = (
			);
			runOnlyForDeploymentPostprocessing = 0;
		};
/* End PBXFrameworksBuildPhase section */

/* Begin PBXGroup section */
		E2179A201EE4DD7500E0E25A = {
			isa = PBXGroup;
			children = (
				E2179A2B1EE4DD7600E0E25A /* Resume */,
				E2179A2A1EE4DD7600E0E25A /* Products */,
			);
			sourceTree = "<group>";
		};
		E2179A2A1EE4DD7600E0E25A /* Products */ = {
			isa = PBXGroup;
			children = (
				E2179A291EE4DD7600E0E25A /* Resume.app */,
			);
			name = Products;
			sourceTree = "<group>";
		};
		E2179A2B1EE4DD7600E0E25A /* Resume */ = {
			isa = PBXGroup;
			children = (
				E2179A2C1EE4DD7600E0E25A /* AppDelegate.swift */,
				E2179A451EECDCFB00E0E25A /* ObjectManager.swift */,
				E22421AB1F005DD50069EA63 /* UpdateManager.swift */,
				E2179A2E1EE4DD7600E0E25A /* MasterViewController.swift */,
				E2179A301EE4DD7600E0E25A /* DetailViewController.swift */,
				E22421A91EFF2EFF0069EA63 /* UINavigationBar+Hiding.swift */,
				E2179A431EE4EB6B00E0E25A /* Model.swift */,
				E22421A51EF630F50069EA63 /* Helpers.swift */,
				E2179A321EE4DD7600E0E25A /* Main.storyboard */,
				E2179A351EE4DD7600E0E25A /* Assets.xcassets */,
				E2179A371EE4DD7600E0E25A /* LaunchScreen.storyboard */,
				E2179A3A1EE4DD7600E0E25A /* Info.plist */,
				E2179A401EE4EAC100E0E25A /* resume.json */,
			);
			path = Resume;
			sourceTree = "<group>";
		};
/* End PBXGroup section */

/* Begin PBXNativeTarget section */
		E2179A281EE4DD7600E0E25A /* Resume */ = {
			isa = PBXNativeTarget;
			buildConfigurationList = E2179A3D1EE4DD7600E0E25A /* Build configuration list for PBXNativeTarget "Resume" */;
			buildPhases = (
				E2179A251EE4DD7600E0E25A /* Sources */,
				E2179A261EE4DD7600E0E25A /* Frameworks */,
				E2179A271EE4DD7600E0E25A /* Resources */,
			);
			buildRules = (
			);
			dependencies = (
			);
			name = Resume;
			productName = Resume;
			productReference = E2179A291EE4DD7600E0E25A /* Resume.app */;
			productType = "com.apple.product-type.application";
		};
/* End PBXNativeTarget section */

/* Begin PBXProject section */
		E2179A211EE4DD7600E0E25A /* Project object */ = {
			isa = PBXProject;
			attributes = {
				LastSwiftUpdateCheck = 0830;
				LastUpgradeCheck = 0830;
				ORGANIZATIONNAME = "Mike Drum";
				TargetAttributes = {
					E2179A281EE4DD7600E0E25A = {
						CreatedOnToolsVersion = 8.3.2;
						DevelopmentTeam = 9MFR6J9MA3;
						ProvisioningStyle = Automatic;
					};
				};
			};
			buildConfigurationList = E2179A241EE4DD7600E0E25A /* Build configuration list for PBXProject "Resume" */;
			compatibilityVersion = "Xcode 3.2";
			developmentRegion = English;
			hasScannedForEncodings = 0;
			knownRegions = (
				en,
				Base,
			);
			mainGroup = E2179A201EE4DD7500E0E25A;
			productRefGroup = E2179A2A1EE4DD7600E0E25A /* Products */;
			projectDirPath = "";
			projectRoot = "";
			targets = (
				E2179A281EE4DD7600E0E25A /* Resume */,
			);
		};
/* End PBXProject section */

/* Begin PBXResourcesBuildPhase section */
		E2179A271EE4DD7600E0E25A /* Resources */ = {
			isa = PBXResourcesBuildPhase;
			buildActionMask = 2147483647;
			files = (
				E2179A411EE4EAC100E0E25A /* resume.json in Resources */,
				E2179A391EE4DD7600E0E25A /* LaunchScreen.storyboard in Resources */,
				E2179A361EE4DD7600E0E25A /* Assets.xcassets in Resources */,
				E2179A341EE4DD7600E0E25A /* Main.storyboard in Resources */,
			);
			runOnlyForDeploymentPostprocessing = 0;
		};
/* End PBXResourcesBuildPhase section */

/* Begin PBXSourcesBuildPhase section */
		E2179A251EE4DD7600E0E25A /* Sources */ = {
			isa = PBXSourcesBuildPhase;
			buildActionMask = 2147483647;
			files = (
				E2179A311EE4DD7600E0E25A /* DetailViewController.swift in Sources */,
				E22421AA1EFF2EFF0069EA63 /* UINavigationBar+Hiding.swift in Sources */,
				E22421A61EF630F50069EA63 /* Helpers.swift in Sources */,
				E2179A2F1EE4DD7600E0E25A /* MasterViewController.swift in Sources */,
				E22421AC1F005DD50069EA63 /* UpdateManager.swift in Sources */,
				E2179A461EECDCFB00E0E25A /* ObjectManager.swift in Sources */,
				E2179A2D1EE4DD7600E0E25A /* AppDelegate.swift in Sources */,
				E2179A441EE4EB6B00E0E25A /* Model.swift in Sources */,
			);
			runOnlyForDeploymentPostprocessing = 0;
		};
/* End PBXSourcesBuildPhase section */

/* Begin PBXVariantGroup section */
		E2179A321EE4DD7600E0E25A /* Main.storyboard */ = {
			isa = PBXVariantGroup;
			children = (
				E2179A331EE4DD7600E0E25A /* Base */,
			);
			name = Main.storyboard;
			sourceTree = "<group>";
		};
		E2179A371EE4DD7600E0E25A /* LaunchScreen.storyboard */ = {
			isa = PBXVariantGroup;
			children = (
				E2179A381EE4DD7600E0E25A /* Base */,
			);
			name = LaunchScreen.storyboard;
			sourceTree = "<group>";
		};
/* End PBXVariantGroup section */

/* Begin XCBuildConfiguration section */
		E2179A3B1EE4DD7600E0E25A /* Debug */ = {
			isa = XCBuildConfiguration;
			buildSettings = {
				ALWAYS_SEARCH_USER_PATHS = NO;
				CLANG_ANALYZER_NONNULL = YES;
				CLANG_ANALYZER_NUMBER_OBJECT_CONVERSION = YES_AGGRESSIVE;
				CLANG_CXX_LANGUAGE_STANDARD = "gnu++0x";
				CLANG_CXX_LIBRARY = "libc++";
				CLANG_ENABLE_MODULES = YES;
				CLANG_ENABLE_OBJC_ARC = YES;
				CLANG_WARN_BOOL_CONVERSION = YES;
				CLANG_WARN_CONSTANT_CONVERSION = YES;
				CLANG_WARN_DIRECT_OBJC_ISA_USAGE = YES_ERROR;
				CLANG_WARN_DOCUMENTATION_COMMENTS = YES;
				CLANG_WARN_EMPTY_BODY = YES;
				CLANG_WARN_ENUM_CONVERSION = YES;
				CLANG_WARN_INFINITE_RECURSION = YES;
				CLANG_WARN_INT_CONVERSION = YES;
				CLANG_WARN_OBJC_ROOT_CLASS = YES_ERROR;
				CLANG_WARN_SUSPICIOUS_MOVE = YES;
				CLANG_WARN_UNREACHABLE_CODE = YES;
				CLANG_WARN__DUPLICATE_METHOD_MATCH = YES;
				"CODE_SIGN_IDENTITY[sdk=iphoneos*]" = "iPhone Developer";
				COPY_PHASE_STRIP = NO;
				DEBUG_INFORMATION_FORMAT = dwarf;
				ENABLE_STRICT_OBJC_MSGSEND = YES;
				ENABLE_TESTABILITY = YES;
				GCC_C_LANGUAGE_STANDARD = gnu99;
				GCC_DYNAMIC_NO_PIC = NO;
				GCC_NO_COMMON_BLOCKS = YES;
				GCC_OPTIMIZATION_LEVEL = 0;
				GCC_PREPROCESSOR_DEFINITIONS = (
					"DEBUG=1",
					"$(inherited)",
				);
				GCC_WARN_64_TO_32_BIT_CONVERSION = YES;
				GCC_WARN_ABOUT_RETURN_TYPE = YES_ERROR;
				GCC_WARN_UNDECLARED_SELECTOR = YES;
				GCC_WARN_UNINITIALIZED_AUTOS = YES_AGGRESSIVE;
				GCC_WARN_UNUSED_FUNCTION = YES;
				GCC_WARN_UNUSED_VARIABLE = YES;
				IPHONEOS_DEPLOYMENT_TARGET = 10.3;
				MTL_ENABLE_DEBUG_INFO = YES;
				ONLY_ACTIVE_ARCH = YES;
				SDKROOT = iphoneos;
				SWIFT_ACTIVE_COMPILATION_CONDITIONS = DEBUG;
				SWIFT_OPTIMIZATION_LEVEL = "-Onone";
				TARGETED_DEVICE_FAMILY = "1,2";
			};
			name = Debug;
		};
		E2179A3C1EE4DD7600E0E25A /* Release */ = {
			isa = XCBuildConfiguration;
			buildSettings = {
				ALWAYS_SEARCH_USER_PATHS = NO;
				CLANG_ANALYZER_NONNULL = YES;
				CLANG_ANALYZER_NUMBER_OBJECT_CONVERSION = YES_AGGRESSIVE;
				CLANG_CXX_LANGUAGE_STANDARD = "gnu++0x";
				CLANG_CXX_LIBRARY = "libc++";
				CLANG_ENABLE_MODULES = YES;
				CLANG_ENABLE_OBJC_ARC = YES;
				CLANG_WARN_BOOL_CONVERSION = YES;
				CLANG_WARN_CONSTANT_CONVERSION = YES;
				CLANG_WARN_DIRECT_OBJC_ISA_USAGE = YES_ERROR;
				CLANG_WARN_DOCUMENTATION_COMMENTS = YES;
				CLANG_WARN_EMPTY_BODY = YES;
				CLANG_WARN_ENUM_CONVERSION = YES;
				CLANG_WARN_INFINITE_RECURSION = YES;
				CLANG_WARN_INT_CONVERSION = YES;
				CLANG_WARN_OBJC_ROOT_CLASS = YES_ERROR;
				CLANG_WARN_SUSPICIOUS_MOVE = YES;
				CLANG_WARN_UNREACHABLE_CODE = YES;
				CLANG_WARN__DUPLICATE_METHOD_MATCH = YES;
				"CODE_SIGN_IDENTITY[sdk=iphoneos*]" = "iPhone Developer";
				COPY_PHASE_STRIP = NO;
				DEBUG_INFORMATION_FORMAT = "dwarf-with-dsym";
				ENABLE_NS_ASSERTIONS = NO;
				ENABLE_STRICT_OBJC_MSGSEND = YES;
				GCC_C_LANGUAGE_STANDARD = gnu99;
				GCC_NO_COMMON_BLOCKS = YES;
				GCC_WARN_64_TO_32_BIT_CONVERSION = YES;
				GCC_WARN_ABOUT_RETURN_TYPE = YES_ERROR;
				GCC_WARN_UNDECLARED_SELECTOR = YES;
				GCC_WARN_UNINITIALIZED_AUTOS = YES_AGGRESSIVE;
				GCC_WARN_UNUSED_FUNCTION = YES;
				GCC_WARN_UNUSED_VARIABLE = YES;
				IPHONEOS_DEPLOYMENT_TARGET = 10.3;
				MTL_ENABLE_DEBUG_INFO = NO;
				SDKROOT = iphoneos;
				SWIFT_OPTIMIZATION_LEVEL = "-Owholemodule";
				TARGETED_DEVICE_FAMILY = "1,2";
				VALIDATE_PRODUCT = YES;
			};
			name = Release;
		};
		E2179A3E1EE4DD7600E0E25A /* Debug */ = {
			isa = XCBuildConfiguration;
			buildSettings = {
				ASSETCATALOG_COMPILER_APPICON_NAME = AppIcon;
				DEVELOPMENT_TEAM = 9MFR6J9MA3;
				INFOPLIST_FILE = Resume/Info.plist;
				LD_RUNPATH_SEARCH_PATHS = "$(inherited) @executable_path/Frameworks";
				PRODUCT_BUNDLE_IDENTIFIER = co.mikedrum.Resume;
				PRODUCT_NAME = "$(TARGET_NAME)";
				SWIFT_VERSION = 3.0;
			};
			name = Debug;
		};
		E2179A3F1EE4DD7600E0E25A /* Release */ = {
			isa = XCBuildConfiguration;
			buildSettings = {
				ASSETCATALOG_COMPILER_APPICON_NAME = AppIcon;
				DEVELOPMENT_TEAM = 9MFR6J9MA3;
				INFOPLIST_FILE = Resume/Info.plist;
				LD_RUNPATH_SEARCH_PATHS = "$(inherited) @executable_path/Frameworks";
				PRODUCT_BUNDLE_IDENTIFIER = co.mikedrum.Resume;
				PRODUCT_NAME = "$(TARGET_NAME)";
				SWIFT_VERSION = 3.0;
			};
			name = Release;
		};
/* End XCBuildConfiguration section */

/* Begin XCConfigurationList section */
		E2179A241EE4DD7600E0E25A /* Build configuration list for PBXProject "Resume" */ = {
			isa = XCConfigurationList;
			buildConfigurations = (
				E2179A3B1EE4DD7600E0E25A /* Debug */,
				E2179A3C1EE4DD7600E0E25A /* Release */,
			);
			defaultConfigurationIsVisible = 0;
			defaultConfigurationName = Release;
		};
		E2179A3D1EE4DD7600E0E25A /* Build configuration list for PBXNativeTarget "Resume" */ = {
			isa = XCConfigurationList;
			buildConfigurations = (
				E2179A3E1EE4DD7600E0E25A /* Debug */,
				E2179A3F1EE4DD7600E0E25A /* Release */,
			);
			defaultConfigurationIsVisible = 0;
			defaultConfigurationName = Release;
		};
/* End XCConfigurationList section */
	};
	rootObject = E2179A211EE4DD7600E0E25A /* Project object */;
}
